
Microsoft Visual Studio Solution File, Format Version 12.00
# Visual Studio Version 16
VisualStudioVersion = 16.0.29728.190
MinimumVisualStudioVersion = 10.0.40219.1
Project("{FAE04EC0-301F-11D3-BF4B-00C04F79EFBC}") = "AddActorsToMainEvents", "AddActorsToMainEvents\AddActorsToMainEvents.csproj", "{E39B6D89-A0C7-4AB1-9BE5-BCF32D39AF3E}"
EndProject
Global
	GlobalSection(SolutionConfigurationPlatforms) = preSolution
		Debug|Any CPU = Debug|Any CPU
		Release|Any CPU = Release|Any CPU
	EndGlobalSection
	GlobalSection(ProjectConfigurationPlatforms) = postSolution
		{E39B6D89-A0C7-4AB1-9BE5-BCF32D39AF3E}.Debug|Any CPU.ActiveCfg = Debug|Any CPU
		{E39B6D89-A0C7-4AB1-9BE5-BCF32D39AF3E}.Debug|Any CPU.Build.0 = Debug|Any CPU
		{E39B6D89-A0C7-4AB1-9BE5-BCF32D39AF3E}.Release|Any CPU.ActiveCfg = Release|Any CPU
		{E39B6D89-A0C7-4AB1-9BE5-BCF32D39AF3E}.Release|Any CPU.Build.0 = Release|Any CPU
	EndGlobalSection
	GlobalSection(SolutionProperties) = preSolution
		HideSolutionNode = FALSE
	EndGlobalSection
	GlobalSection(ExtensibilityGlobals) = postSolution
		SolutionGuid = {EA9D5EE8-D27C-4939-99D5-C7EB910B3663}
	EndGlobalSection
EndGlobal
