
Microsoft Visual Studio Solution File, Format Version 12.00
# Visual Studio Version 16
VisualStudioVersion = 16.0.30309.148
MinimumVisualStudioVersion = 10.0.40219.1
Project("{FAE04EC0-301F-11D3-BF4B-00C04F79EFBC}") = "FixFontOption", "FixFontOption\FixFontOption.csproj", "{206CDEF5-47B7-4B3A-80DE-C4C31473E777}"
EndProject
Global
	GlobalSection(SolutionConfigurationPlatforms) = preSolution
		Debug|Any CPU = Debug|Any CPU
		Release|Any CPU = Release|Any CPU
	EndGlobalSection
	GlobalSection(ProjectConfigurationPlatforms) = postSolution
		{206CDEF5-47B7-4B3A-80DE-C4C31473E777}.Debug|Any CPU.ActiveCfg = Debug|Any CPU
		{206CDEF5-47B7-4B3A-80DE-C4C31473E777}.Debug|Any CPU.Build.0 = Debug|Any CPU
		{206CDEF5-47B7-4B3A-80DE-C4C31473E777}.Release|Any CPU.ActiveCfg = Release|Any CPU
		{206CDEF5-47B7-4B3A-80DE-C4C31473E777}.Release|Any CPU.Build.0 = Release|Any CPU
	EndGlobalSection
	GlobalSection(SolutionProperties) = preSolution
		HideSolutionNode = FALSE
	EndGlobalSection
	GlobalSection(ExtensibilityGlobals) = postSolution
		SolutionGuid = {8297E766-F61A-48B6-B919-BE824D2FA6F7}
	EndGlobalSection
EndGlobal
